{
    "name": "底部选项卡模板",
    "version": "0.0.8",
    "lockfileVersion": 1,
    "requires": true,
    "dependencies": {
        "async": {
            "version": "2.6.3",
            "resolved": "https://registry.npmmirror.com/async/download/async-2.6.3.tgz",
            "integrity": "sha1-1yYl4jRKNlbjo61Pp0n6gymdgv8=",
            "requires": {
                "lodash": "^4.17.14"
            }
        },
        "duplexer": {
            "version": "0.1.2",
            "resolved": "https://registry.npm.taobao.org/duplexer/download/duplexer-0.1.2.tgz",
            "integrity": "sha1-Or5DrvODX4rgd9E23c4PJ2sEAOY="
        },
        "event-stream": {
            "version": "4.0.1",
            "resolved": "https://registry.npm.taobao.org/event-stream/download/event-stream-4.0.1.tgz",
            "integrity": "sha1-QJKAjsmV0N116kWAwd9qdNss3mU=",
            "requires": {
                "duplexer": "^0.1.1",
                "from": "^0.1.7",
                "map-stream": "0.0.7",
                "pause-stream": "^0.0.11",
                "split": "^1.0.1",
                "stream-combiner": "^0.2.2",
                "through": "^2.3.8"
            }
        },
        "from": {
            "version": "0.1.7",
            "resolved": "https://registry.npm.taobao.org/from/download/from-0.1.7.tgz",
            "integrity": "sha1-g8YK/Fi5xWmXAH7Rp2izqzA6RP4="
        },
        "lodash": {
            "version": "4.17.21",
            "resolved": "https://registry.npmmirror.com/lodash/download/lodash-4.17.21.tgz",
            "integrity": "sha512-v2kDEe57lecTulaDIuNTPy3Ry4gLGJ6Z1O3vE1krgXZNrsQ+LFTGHVxVjcXPs17LhbZVGedAJv8XZ1tvj5FvSg=="
        },
        "lodash.assign": {
            "version": "4.2.0",
            "resolved": "https://registry.nlark.com/lodash.assign/download/lodash.assign-4.2.0.tgz",
            "integrity": "sha1-DZnzzNem0mHRm9rrkkUAXShYCOc="
        },
        "map-stream": {
            "version": "0.0.7",
            "resolved": "https://registry.npm.taobao.org/map-stream/download/map-stream-0.0.7.tgz",
            "integrity": "sha1-ih8HiW2CsQkmvTdEokIACfiJdKg="
        },
        "mingo": {
            "version": "1.3.3",
            "resolved": "https://registry.npmmirror.com/mingo/download/mingo-1.3.3.tgz",
            "integrity": "sha1-aSLE0Ufvx3GgFCWixMj3eER4xUY="
        },
        "pause-stream": {
            "version": "0.0.11",
            "resolved": "https://registry.npm.taobao.org/pause-stream/download/pause-stream-0.0.11.tgz",
            "integrity": "sha1-/lo0sMvOErWqaitAPuLnO2AvFEU=",
            "requires": {
                "through": "~2.3"
            }
        },
        "save": {
            "version": "2.4.0",
            "resolved": "https://registry.npmmirror.com/save/download/save-2.4.0.tgz",
            "integrity": "sha512-wd5L2uVnsKYkIUaK6i8Ie66IOHaI328gMF0MPuTJtYOjXgUolC33LSIk7Qr8WVA55QHaGwfiVS8a7EFIeGOR3w==",
            "requires": {
                "async": "^2.6.2",
                "event-stream": "^4.0.1",
                "lodash.assign": "^4.2.0",
                "mingo": "1"
            }
        },
        "split": {
            "version": "1.0.1",
            "resolved": "https://registry.nlark.com/split/download/split-1.0.1.tgz",
            "integrity": "sha1-YFvZvjA6pZ+zX5Ip++oN3snqB9k=",
            "requires": {
                "through": "2"
            }
        },
        "stream-combiner": {
            "version": "0.2.2",
            "resolved": "https://registry.nlark.com/stream-combiner/download/stream-combiner-0.2.2.tgz",
            "integrity": "sha1-rsjLrBd7Vrb0+kec7YwZEs7lKFg=",
            "requires": {
                "duplexer": "~0.1.1",
                "through": "~2.3.4"
            }
        },
        "through": {
            "version": "2.3.8",
            "resolved": "https://registry.npm.taobao.org/through/download/through-2.3.8.tgz",
            "integrity": "sha1-DdTJ/6q8NXlgsbckEV1+Doai4fU="
        },
        "vue-jsonp": {
            "version": "2.0.0",
            "resolved": "https://registry.npm.taobao.org/vue-jsonp/download/vue-jsonp-2.0.0.tgz",
            "integrity": "sha1-O/rFa7cpQaJRHBHhoSO4dvA0J/c="
        }
    }
}
